
Microsoft Visual Studio Solution File, Format Version 12.00
# Visual Studio Version 17
VisualStudioVersion = 17.4.33213.308
MinimumVisualStudioVersion = 10.0.40219.1
Project("{9A19103F-16F7-4668-BE54-9A1E7A4F7556}") = "Chapter 1", "Chapter 1\Chapter 1.csproj", "{FF094262-70DC-4D49-8163-B54E57DF8AB7}"
EndProject
Project("{9A19103F-16F7-4668-BE54-9A1E7A4F7556}") = "CalculatorProgram", "Chapter 2\CalculatorProgram.csproj", "{10EB39D5-0A9C-4F20-A966-740890EE374F}"
EndProject
Project("{9A19103F-16F7-4668-BE54-9A1E7A4F7556}") = "EmployeeProgram", "Employee\EmployeeProgram.csproj", "{17ABE345-FDF2-461C-971A-AE41C4C8B6F6}"
EndProject
Project("{9A19103F-16F7-4668-BE54-9A1E7A4F7556}") = "Passport", "Passport\Passport.csproj", "{13D02265-32BD-48B9-8FB2-49587279D442}"
EndProject
Project("{9A19103F-16F7-4668-BE54-9A1E7A4F7556}") = "TestingEnviroment", "TestingEnviroment\TestingEnviroment.csproj", "{9A1C1929-E77C-4CD1-8DF6-EF2AA2B93267}"
EndProject
Project("{9A19103F-16F7-4668-BE54-9A1E7A4F7556}") = "PassportApp", "PassportApp\PassportApp.csproj", "{26AE36C4-33E0-4F5E-B341-97C7F282337F}"
EndProject
Global
	GlobalSection(SolutionConfigurationPlatforms) = preSolution
		Debug|Any CPU = Debug|Any CPU
		Release|Any CPU = Release|Any CPU
	EndGlobalSection
	GlobalSection(ProjectConfigurationPlatforms) = postSolution
		{FF094262-70DC-4D49-8163-B54E57DF8AB7}.Debug|Any CPU.ActiveCfg = Debug|Any CPU
		{FF094262-70DC-4D49-8163-B54E57DF8AB7}.Debug|Any CPU.Build.0 = Debug|Any CPU
		{FF094262-70DC-4D49-8163-B54E57DF8AB7}.Release|Any CPU.ActiveCfg = Release|Any CPU
		{FF094262-70DC-4D49-8163-B54E57DF8AB7}.Release|Any CPU.Build.0 = Release|Any CPU
		{10EB39D5-0A9C-4F20-A966-740890EE374F}.Debug|Any CPU.ActiveCfg = Debug|Any CPU
		{10EB39D5-0A9C-4F20-A966-740890EE374F}.Debug|Any CPU.Build.0 = Debug|Any CPU
		{10EB39D5-0A9C-4F20-A966-740890EE374F}.Release|Any CPU.ActiveCfg = Release|Any CPU
		{10EB39D5-0A9C-4F20-A966-740890EE374F}.Release|Any CPU.Build.0 = Release|Any CPU
		{17ABE345-FDF2-461C-971A-AE41C4C8B6F6}.Debug|Any CPU.ActiveCfg = Debug|Any CPU
		{17ABE345-FDF2-461C-971A-AE41C4C8B6F6}.Debug|Any CPU.Build.0 = Debug|Any CPU
		{17ABE345-FDF2-461C-971A-AE41C4C8B6F6}.Release|Any CPU.ActiveCfg = Release|Any CPU
		{17ABE345-FDF2-461C-971A-AE41C4C8B6F6}.Release|Any CPU.Build.0 = Release|Any CPU
		{13D02265-32BD-48B9-8FB2-49587279D442}.Debug|Any CPU.ActiveCfg = Debug|Any CPU
		{13D02265-32BD-48B9-8FB2-49587279D442}.Debug|Any CPU.Build.0 = Debug|Any CPU
		{13D02265-32BD-48B9-8FB2-49587279D442}.Release|Any CPU.ActiveCfg = Release|Any CPU
		{13D02265-32BD-48B9-8FB2-49587279D442}.Release|Any CPU.Build.0 = Release|Any CPU
		{9A1C1929-E77C-4CD1-8DF6-EF2AA2B93267}.Debug|Any CPU.ActiveCfg = Debug|Any CPU
		{9A1C1929-E77C-4CD1-8DF6-EF2AA2B93267}.Debug|Any CPU.Build.0 = Debug|Any CPU
		{9A1C1929-E77C-4CD1-8DF6-EF2AA2B93267}.Release|Any CPU.ActiveCfg = Release|Any CPU
		{9A1C1929-E77C-4CD1-8DF6-EF2AA2B93267}.Release|Any CPU.Build.0 = Release|Any CPU
		{26AE36C4-33E0-4F5E-B341-97C7F282337F}.Debug|Any CPU.ActiveCfg = Debug|Any CPU
		{26AE36C4-33E0-4F5E-B341-97C7F282337F}.Debug|Any CPU.Build.0 = Debug|Any CPU
		{26AE36C4-33E0-4F5E-B341-97C7F282337F}.Release|Any CPU.ActiveCfg = Release|Any CPU
		{26AE36C4-33E0-4F5E-B341-97C7F282337F}.Release|Any CPU.Build.0 = Release|Any CPU
	EndGlobalSection
	GlobalSection(SolutionProperties) = preSolution
		HideSolutionNode = FALSE
	EndGlobalSection
	GlobalSection(ExtensibilityGlobals) = postSolution
		SolutionGuid = {BA305E30-AC7C-4F65-908F-811D7844D0A8}
	EndGlobalSection
EndGlobal
