
Microsoft Visual Studio Solution File, Format Version 12.00
# Visual Studio Version 17
VisualStudioVersion = 17.4.33213.308
MinimumVisualStudioVersion = 10.0.40219.1
Project("{FAE04EC0-301F-11D3-BF4B-00C04F79EFBC}") = "Chevalier.Utility", "Chevalier.Utility\Chevalier.Utility.csproj", "{7C25551E-9772-41B8-AC8B-5C77408BC39D}"
EndProject
Global
	GlobalSection(SolutionConfigurationPlatforms) = preSolution
		Debug|Any CPU = Debug|Any CPU
		Release|Any CPU = Release|Any CPU
	EndGlobalSection
	GlobalSection(ProjectConfigurationPlatforms) = postSolution
		{7C25551E-9772-41B8-AC8B-5C77408BC39D}.Debug|Any CPU.ActiveCfg = Debug|Any CPU
		{7C25551E-9772-41B8-AC8B-5C77408BC39D}.Debug|Any CPU.Build.0 = Debug|Any CPU
		{7C25551E-9772-41B8-AC8B-5C77408BC39D}.Release|Any CPU.ActiveCfg = Release|Any CPU
		{7C25551E-9772-41B8-AC8B-5C77408BC39D}.Release|Any CPU.Build.0 = Release|Any CPU
	EndGlobalSection
	GlobalSection(SolutionProperties) = preSolution
		HideSolutionNode = FALSE
	EndGlobalSection
	GlobalSection(ExtensibilityGlobals) = postSolution
		SolutionGuid = {7DCB41A6-ED1F-4E2C-ABA8-802C96E0D562}
	EndGlobalSection
EndGlobal
